
Microsoft Visual Studio Solution File, Format Version 12.00
# Visual Studio Version 17
VisualStudioVersion = 17.9.34622.214
MinimumVisualStudioVersion = 10.0.40219.1
Project("{9A19103F-16F7-4668-BE54-9A1E7A4F7556}") = "EIS.Client", "0x.Client\EIS.Client\EIS.Client.csproj", "{8294B60B-F790-42E0-BB03-56586931DBC1}"
EndProject
Project("{9A19103F-16F7-4668-BE54-9A1E7A4F7556}") = "EIS.Client.Desktop", "0x.Client\EIS.Client.Desktop\EIS.Client.Desktop.csproj", "{A8068656-E255-4BE5-A46E-CA9BA1B9FF7C}"
EndProject
Project("{9A19103F-16F7-4668-BE54-9A1E7A4F7556}") = "EIS.Client.Browser", "0x.Client\EIS.Client.Browser\EIS.Client.Browser.csproj", "{B9378655-98DA-46BE-BEDB-91DA9D7F1B3C}"
EndProject
Project("{2150E333-8FDC-42A3-9474-1A3956D46DE8}") = "0x.Client", "0x.Client", "{E0BF7ACC-1581-494F-B3B6-BF12BD5C7C58}"
	ProjectSection(SolutionItems) = preProject
		0x.Client\README.md = 0x.Client\README.md
	EndProjectSection
EndProject
Project("{2150E333-8FDC-42A3-9474-1A3956D46DE8}") = "02.BaseSystem", "02.BaseSystem", "{950D6B15-3A18-4106-AB6C-44151E380092}"
	ProjectSection(SolutionItems) = preProject
		02.BaseSystem\README.md = 02.BaseSystem\README.md
	EndProjectSection
EndProject
Project("{2150E333-8FDC-42A3-9474-1A3956D46DE8}") = "01.Infrastructure", "01.Infrastructure", "{E70986B6-5C72-489A-9C49-4823021B1DED}"
EndProject
Project("{2150E333-8FDC-42A3-9474-1A3956D46DE8}") = "03.Business", "03.Business", "{9C951FE1-FCA8-4F1F-8598-40A62B9C44FE}"
EndProject
Project("{2150E333-8FDC-42A3-9474-1A3956D46DE8}") = "001.ERP", "001.ERP", "{729F30BF-BA1A-41D5-A985-9103DBC018C4}"
EndProject
Project("{2150E333-8FDC-42A3-9474-1A3956D46DE8}") = "002.OA", "002.OA", "{9F7CEBFB-5D02-43CF-8F03-7BA3CD495A37}"
EndProject
Project("{2150E333-8FDC-42A3-9474-1A3956D46DE8}") = "003.HR", "003.HR", "{D4771715-4947-4F0E-9CC0-BD88AD312C6B}"
EndProject
Project("{2150E333-8FDC-42A3-9474-1A3956D46DE8}") = "004.PLM", "004.PLM", "{B785A01F-9C3B-40E5-88E7-295B2D724341}"
EndProject
Project("{2150E333-8FDC-42A3-9474-1A3956D46DE8}") = "005.KMS", "005.KMS", "{4B89E3A3-4D02-4D9A-B942-ED4A6262E923}"
EndProject
Project("{2150E333-8FDC-42A3-9474-1A3956D46DE8}") = "006.CRM", "006.CRM", "{BA7E4496-7713-478F-B54D-94A269A9D4DE}"
EndProject
Project("{2150E333-8FDC-42A3-9474-1A3956D46DE8}") = "007.SCM", "007.SCM", "{46C0EF6E-9BCD-4A0A-8A88-EB6F03A34072}"
EndProject
Project("{2150E333-8FDC-42A3-9474-1A3956D46DE8}") = "008.ISMS", "008.ISMS", "{FC2FD122-4CED-486B-96CA-B0DDE49BBD1C}"
EndProject
Project("{2150E333-8FDC-42A3-9474-1A3956D46DE8}") = "009.BI", "009.BI", "{3050C068-815D-4C22-8F4D-92386D76222A}"
EndProject
Project("{2150E333-8FDC-42A3-9474-1A3956D46DE8}") = "010.AI", "010.AI", "{6384F07E-8A84-43C0-B8D6-03F9AB7BBF4F}"
EndProject
Project("{9A19103F-16F7-4668-BE54-9A1E7A4F7556}") = "EIS.Infrastructure", "01.Infrastructure\EIS.Infrastructure\EIS.Infrastructure.csproj", "{702D42DE-BF5C-4480-8E15-64926049B23E}"
EndProject
Project("{9A19103F-16F7-4668-BE54-9A1E7A4F7556}") = "EIS.GateWay", "02.BaseSystem\EIS.GateWay\EIS.GateWay.csproj", "{8940EA05-E74A-4E2B-A538-A7B1CE1FB0CF}"
EndProject
Project("{9A19103F-16F7-4668-BE54-9A1E7A4F7556}") = "EIS.ERP", "03.Business\EIS.ERP\EIS.ERP.csproj", "{DE63612C-99FD-42AF-ACA7-C04A73AF8137}"
EndProject
Project("{9A19103F-16F7-4668-BE54-9A1E7A4F7556}") = "EIS.OA", "03.Business\EIS.OA\EIS.OA.csproj", "{FEBC2342-158D-4C35-B5B0-7C632D969489}"
EndProject
Project("{9A19103F-16F7-4668-BE54-9A1E7A4F7556}") = "EIS.HR", "03.Business\EIS.HR\EIS.HR.csproj", "{545C9C72-A250-430D-B8B0-E9AF49B61762}"
EndProject
Project("{2150E333-8FDC-42A3-9474-1A3956D46DE8}") = "0x.Admin", "0x.Admin", "{3716E401-7D2D-493E-AE7B-CF5764EDA42A}"
	ProjectSection(SolutionItems) = preProject
		0x.Admin\README.md = 0x.Admin\README.md
	EndProjectSection
EndProject
Project("{9A19103F-16F7-4668-BE54-9A1E7A4F7556}") = "EIS.Administer", "0x.Admin\EIS.Administer\EIS.Administer.csproj", "{A841E898-2D23-4DBB-917A-B56B24385B4F}"
EndProject
Project("{9A19103F-16F7-4668-BE54-9A1E7A4F7556}") = "EIS.Administer.Desktop", "0x.Admin\EIS.Administer.Desktop\EIS.Administer.Desktop.csproj", "{D0B4518B-4049-45BD-B78F-BEFBF9AF7409}"
EndProject
Project("{9A19103F-16F7-4668-BE54-9A1E7A4F7556}") = "EIS.Administer.Browser", "0x.Admin\EIS.Administer.Browser\EIS.Administer.Browser.csproj", "{A7C1F424-B767-4759-A8B5-7C723AB30BEF}"
EndProject
Project("{2150E333-8FDC-42A3-9474-1A3956D46DE8}") = "Modules", "Modules", "{67565D1E-0B82-48D5-B136-28C258A85CEE}"
EndProject
Project("{9A19103F-16F7-4668-BE54-9A1E7A4F7556}") = "EIS.Client.ERP", "0x.Client\Modules\EIS.Client.ERP\EIS.Client.ERP.csproj", "{3FC944A1-E72D-4055-AD83-083C9CB7CC72}"
EndProject
Project("{9A19103F-16F7-4668-BE54-9A1E7A4F7556}") = "EIS.Theme", "01.Infrastructure\EIS.Theme\EIS.Theme.csproj", "{6F8ECF5A-C713-42BB-9C24-7D3EE5896C27}"
EndProject
Project("{9A19103F-16F7-4668-BE54-9A1E7A4F7556}") = "EIS.Core", "01.Infrastructure\EIS.Core\EIS.Core.csproj", "{588F406C-5567-4FD2-A785-F04FB7CBE874}"
EndProject
Project("{FAE04EC0-301F-11D3-BF4B-00C04F79EFBC}") = "EIS.Client.OA", "0x.Client\Modules\EIS.Client.OA\EIS.Client.OA.csproj", "{93C380F2-AD57-48C8-93CC-E27596F95D09}"
EndProject
Project("{FAE04EC0-301F-11D3-BF4B-00C04F79EFBC}") = "EIS.Client.HR", "0x.Client\Modules\EIS.Client.HR\EIS.Client.HR.csproj", "{F3AB3B59-9823-454F-A6AE-BB6E022C2F17}"
EndProject
Project("{FAE04EC0-301F-11D3-BF4B-00C04F79EFBC}") = "EIS.Client.PLM", "0x.Client\Modules\EIS.Client.PLM\EIS.Client.PLM.csproj", "{40891167-F7D0-4212-AB14-927054B701F9}"
EndProject
Project("{FAE04EC0-301F-11D3-BF4B-00C04F79EFBC}") = "EIS.Client.KMS", "0x.Client\Modules\EIS.Client.KMS\EIS.Client.KMS.csproj", "{D2CA7A8A-CA28-4575-A2BA-A1C58FAC3FA1}"
EndProject
Project("{FAE04EC0-301F-11D3-BF4B-00C04F79EFBC}") = "EIS.Client.CRM", "0x.Client\Modules\EIS.Client.CRM\EIS.Client.CRM.csproj", "{D839DE02-E4B9-4296-B932-3DB8419464BD}"
EndProject
Project("{FAE04EC0-301F-11D3-BF4B-00C04F79EFBC}") = "EIS.Client.SCM", "0x.Client\Modules\EIS.Client.SCM\EIS.Client.SCM.csproj", "{EDB2522C-824C-41A3-8BC0-DBE93D6C07E6}"
EndProject
Project("{FAE04EC0-301F-11D3-BF4B-00C04F79EFBC}") = "EIS.Client.ISMS", "0x.Client\Modules\EIS.Client.ISMS\EIS.Client.ISMS.csproj", "{AE3F4AB0-CBBA-4BAB-A364-0BAAB7B45756}"
EndProject
Project("{FAE04EC0-301F-11D3-BF4B-00C04F79EFBC}") = "EIS.Client.BI", "0x.Client\Modules\EIS.Client.BI\EIS.Client.BI.csproj", "{E0111B9A-0175-48EE-9F33-DD40812B3D4F}"
EndProject
Project("{FAE04EC0-301F-11D3-BF4B-00C04F79EFBC}") = "EIS.PLM", "03.Business\EIS.PLM\EIS.PLM.csproj", "{B76D5F3D-FC43-4576-91FB-854AF2099AAC}"
EndProject
Project("{FAE04EC0-301F-11D3-BF4B-00C04F79EFBC}") = "EIS.KMS", "03.Business\EIS.KMS\EIS.KMS.csproj", "{006DC926-701E-4DF6-93A0-4E34473FB685}"
EndProject
Project("{FAE04EC0-301F-11D3-BF4B-00C04F79EFBC}") = "EIS.CRM", "03.Business\EIS.CRM\EIS.CRM.csproj", "{EB52BD07-27CF-4D8B-A792-42A9C2AD1A0C}"
EndProject
Project("{FAE04EC0-301F-11D3-BF4B-00C04F79EFBC}") = "EIS.SCM", "03.Business\EIS.SCM\EIS.SCM.csproj", "{94D6C928-9C79-49F0-921D-F4B7C63348B3}"
EndProject
Project("{FAE04EC0-301F-11D3-BF4B-00C04F79EFBC}") = "EIS.ISMS", "03.Business\EIS.ISMS\EIS.ISMS.csproj", "{E4199A96-E6CF-44F4-8C6F-D5856EA6303E}"
EndProject
Project("{FAE04EC0-301F-11D3-BF4B-00C04F79EFBC}") = "EIS.BI", "03.Business\EIS.BI\EIS.BI.csproj", "{9927705D-8C79-4DF7-A32B-957539EF53FF}"
EndProject
Project("{FAE04EC0-301F-11D3-BF4B-00C04F79EFBC}") = "EIS.Base", "02.BaseSystem\EIS.Base\EIS.Base.csproj", "{5FD5A18F-F855-4AC0-8140-CB0D2BAD5797}"
EndProject
Project("{FAE04EC0-301F-11D3-BF4B-00C04F79EFBC}") = "EIS.Coding", "02.BaseSystem\EIS.Coding\EIS.Coding.csproj", "{30DB44D7-FB4B-4A76-9648-6FDBF8BD28C4}"
EndProject
Project("{FAE04EC0-301F-11D3-BF4B-00C04F79EFBC}") = "EIS.Admin", "02.BaseSystem\EIS.Admin\EIS.Admin.csproj", "{0190873A-5A40-4979-874B-AF4E140E2332}"
EndProject
Project("{2150E333-8FDC-42A3-9474-1A3956D46DE8}") = "Solution Files", "Solution Files", "{A48092EC-5714-4B8A-95E1-4AEF55408144}"
	ProjectSection(SolutionItems) = preProject
		README.md = README.md
		.dockerignore = .dockerignore
		.gitignore = .gitignore
	EndProjectSection
EndProject
Project("{2150E333-8FDC-42A3-9474-1A3956D46DE8}") = "0x.Manage", "0x.Manage", "{49E35531-3B5F-420A-B520-79F48A5A2252}"
	ProjectSection(SolutionItems) = preProject
		0x.Manage\README.md = 0x.Manage\README.md
	EndProjectSection
EndProject
Project("{FAE04EC0-301F-11D3-BF4B-00C04F79EFBC}") = "EIS.BackManage", "02.BaseSystem\EIS.BackManage\EIS.BackManage.csproj", "{1BB235AE-87D0-441A-96AC-FCD661EF710D}"
EndProject
Project("{FAE04EC0-301F-11D3-BF4B-00C04F79EFBC}") = "EIS.BackManage", "0x.Manage\EIS.BackManage\EIS.BackManage.csproj", "{5880E184-8714-4A5D-8B65-29CE394DB316}"
EndProject
Project("{FAE04EC0-301F-11D3-BF4B-00C04F79EFBC}") = "EIS.BackManage.Desktop", "0x.Manage\EIS.BackManage.Desktop\EIS.BackManage.Desktop.csproj", "{32C060C1-5E66-4869-9339-334F2376612D}"
EndProject
Project("{FAE04EC0-301F-11D3-BF4B-00C04F79EFBC}") = "EIS.BackManage.Browser", "0x.Manage\EIS.BackManage.Browser\EIS.BackManage.Browser.csproj", "{A93AA791-E924-433C-9DCB-645534FA7C67}"
EndProject
Project("{2150E333-8FDC-42A3-9474-1A3956D46DE8}") = "Modules", "Modules", "{311004F3-06C8-4DC4-AF8B-3BC99828844A}"
EndProject
Project("{2150E333-8FDC-42A3-9474-1A3956D46DE8}") = "Modules", "Modules", "{A1F84D10-69AB-4BE3-84C4-F0FF70202DD4}"
EndProject
Project("{FAE04EC0-301F-11D3-BF4B-00C04F79EFBC}") = "EIS.Model", "01.Infrastructure\EIS.Model\EIS.Model.csproj", "{97853DF4-F7E9-4511-8EE4-F768D0052A6F}"
EndProject
Project("{FAE04EC0-301F-11D3-BF4B-00C04F79EFBC}") = "EIS.Auth", "02.BaseSystem\EIS.Auth\EIS.Auth.csproj", "{0ED81AEA-958A-4A49-A27D-1F59498CF91F}"
EndProject
Project("{FAE04EC0-301F-11D3-BF4B-00C04F79EFBC}") = "EIS.Shared", "01.Infrastructure\EIS.Shared\EIS.Shared.csproj", "{C1619522-6E7F-4850-B4F7-F9AB0B3EB702}"
EndProject
Project("{2150E333-8FDC-42A3-9474-1A3956D46DE8}") = ".swagger", ".swagger", "{F6CB35F5-59C7-4738-A928-A7F1424C4FEA}"
	ProjectSection(SolutionItems) = preProject
		.swagger\EIS.Auth.xml = .swagger\EIS.Auth.xml
		.swagger\EIS.Admin.xml = .swagger\EIS.Admin.xml
		.swagger\EIS.BackManage.xml = .swagger\EIS.BackManage.xml
		.swagger\EIS.Base.xml = .swagger\EIS.Base.xml
		.swagger\EIS.Coding.xml = .swagger\EIS.Coding.xml
		.swagger\EIS.BI.xml = .swagger\EIS.BI.xml
		.swagger\EIS.CRM.xml = .swagger\EIS.CRM.xml
		.swagger\EIS.ERP.xml = .swagger\EIS.ERP.xml
		.swagger\EIS.HR.xml = .swagger\EIS.HR.xml
		.swagger\EIS.ISMS.xml = .swagger\EIS.ISMS.xml
		.swagger\EIS.KMS.xml = .swagger\EIS.KMS.xml
		.swagger\EIS.OA.xml = .swagger\EIS.OA.xml
		.swagger\EIS.PLM.xml = .swagger\EIS.PLM.xml
		.swagger\EIS.SCM.xml = .swagger\EIS.SCM.xml
	EndProjectSection
EndProject
Project("{2150E333-8FDC-42A3-9474-1A3956D46DE8}") = ".docker", ".docker", "{2EDAE6F7-FA64-46DD-9022-F7BCB3FB4C1E}"
	ProjectSection(SolutionItems) = preProject
		.docker\docker-compose-exceptionless.yml = .docker\docker-compose-exceptionless.yml
		.docker\docker-compose-apollo.yml = .docker\docker-compose-apollo.yml
		.docker\docker-compose-apollo-quick-start.yml = .docker\docker-compose-apollo-quick-start.yml
		.docker\docker-compose-mysql.yml = .docker\docker-compose-mysql.yml
		.docker\docker-compose-nacos.yml = .docker\docker-compose-nacos.yml
		.docker\docker-compose-postgresql.yml = .docker\docker-compose-postgresql.yml
		.docker\docker-compose-adminer.yml = .docker\docker-compose-adminer.yml
		.docker\docker-compose-redis.yml = .docker\docker-compose-redis.yml
		.docker\docker-compose-elasticsearch.yml = .docker\docker-compose-elasticsearch.yml
		.docker\docker-compose-consul.yml = .docker\docker-compose-consul.yml
		.docker\docker-compose-rabbitmq.yml = .docker\docker-compose-rabbitmq.yml
		.docker\docker-compose-skywalking.yml = .docker\docker-compose-skywalking.yml
		.docker\docker-compose-nginx.yml = .docker\docker-compose-nginx.yml
	EndProjectSection
EndProject
Project("{2150E333-8FDC-42A3-9474-1A3956D46DE8}") = ".sql", ".sql", "{5161EFF4-EC11-41CB-8462-1BE7C71A706E}"
	ProjectSection(SolutionItems) = preProject
		.sql\apolloconfigdb.sql = .sql\apolloconfigdb.sql
		.sql\apolloportaldb.sql = .sql\apolloportaldb.sql
		.sql\apolloportaldb_eis.sql = .sql\apolloportaldb_eis.sql
		.sql\apolloconfigdb_eis.sql = .sql\apolloconfigdb_eis.sql
	EndProjectSection
EndProject
Project("{FAE04EC0-301F-11D3-BF4B-00C04F79EFBC}") = "EIS.TimerTask", "02.BaseSystem\EIS.TimerTask\EIS.TimerTask.csproj", "{C58D0F00-E70B-47E2-A558-CE1F4B0CC1F2}"
EndProject
Project("{2150E333-8FDC-42A3-9474-1A3956D46DE8}") = "conf", "conf", "{B492363D-F099-4CBD-9EA6-38EDAC7879F1}"
	ProjectSection(SolutionItems) = preProject
		.docker\conf\mysqld.cnf = .docker\conf\mysqld.cnf
	EndProjectSection
EndProject
Project("{2150E333-8FDC-42A3-9474-1A3956D46DE8}") = "nginx", "nginx", "{0C92CD56-B237-4288-9165-DF1D1C2E374E}"
	ProjectSection(SolutionItems) = preProject
		.docker\nginx\nginx.conf = .docker\nginx\nginx.conf
	EndProjectSection
EndProject
Project("{2150E333-8FDC-42A3-9474-1A3956D46DE8}") = "conf.d", "conf.d", "{D2A6F036-6E97-40D4-B0E6-20D25D138331}"
	ProjectSection(SolutionItems) = preProject
		.docker\nginx\conf.d\default.conf = .docker\nginx\conf.d\default.conf
	EndProjectSection
EndProject
Project("{FAE04EC0-301F-11D3-BF4B-00C04F79EFBC}") = "EIS.Administer.Tenant", "0x.Admin\Modules\EIS.Administer.Tenant\EIS.Administer.Tenant.csproj", "{D3B6030D-65A9-46A9-8BA8-1AB31D01D009}"
EndProject
Project("{FAE04EC0-301F-11D3-BF4B-00C04F79EFBC}") = "EIS.Administer.Base", "0x.Admin\Modules\EIS.Administer.Base\EIS.Administer.Base.csproj", "{E88AB4D3-DAE7-4DBE-90A8-FEAE500E5A65}"
EndProject
Project("{FAE04EC0-301F-11D3-BF4B-00C04F79EFBC}") = "EIS.Administer.Setting", "0x.Admin\Modules\EIS.Administer.Setting\EIS.Administer.Setting.csproj", "{8894B0C2-09D3-418B-AF31-04038A89E2A1}"
EndProject
Global
	GlobalSection(SolutionConfigurationPlatforms) = preSolution
		Debug|Any CPU = Debug|Any CPU
		Release|Any CPU = Release|Any CPU
	EndGlobalSection
	GlobalSection(ProjectConfigurationPlatforms) = postSolution
		{8294B60B-F790-42E0-BB03-56586931DBC1}.Debug|Any CPU.ActiveCfg = Debug|Any CPU
		{8294B60B-F790-42E0-BB03-56586931DBC1}.Debug|Any CPU.Build.0 = Debug|Any CPU
		{8294B60B-F790-42E0-BB03-56586931DBC1}.Release|Any CPU.ActiveCfg = Release|Any CPU
		{8294B60B-F790-42E0-BB03-56586931DBC1}.Release|Any CPU.Build.0 = Release|Any CPU
		{A8068656-E255-4BE5-A46E-CA9BA1B9FF7C}.Debug|Any CPU.ActiveCfg = Debug|Any CPU
		{A8068656-E255-4BE5-A46E-CA9BA1B9FF7C}.Debug|Any CPU.Build.0 = Debug|Any CPU
		{A8068656-E255-4BE5-A46E-CA9BA1B9FF7C}.Release|Any CPU.ActiveCfg = Release|Any CPU
		{A8068656-E255-4BE5-A46E-CA9BA1B9FF7C}.Release|Any CPU.Build.0 = Release|Any CPU
		{B9378655-98DA-46BE-BEDB-91DA9D7F1B3C}.Debug|Any CPU.ActiveCfg = Debug|Any CPU
		{B9378655-98DA-46BE-BEDB-91DA9D7F1B3C}.Debug|Any CPU.Build.0 = Debug|Any CPU
		{B9378655-98DA-46BE-BEDB-91DA9D7F1B3C}.Release|Any CPU.ActiveCfg = Release|Any CPU
		{B9378655-98DA-46BE-BEDB-91DA9D7F1B3C}.Release|Any CPU.Build.0 = Release|Any CPU
		{702D42DE-BF5C-4480-8E15-64926049B23E}.Debug|Any CPU.ActiveCfg = Debug|Any CPU
		{702D42DE-BF5C-4480-8E15-64926049B23E}.Debug|Any CPU.Build.0 = Debug|Any CPU
		{702D42DE-BF5C-4480-8E15-64926049B23E}.Release|Any CPU.ActiveCfg = Release|Any CPU
		{702D42DE-BF5C-4480-8E15-64926049B23E}.Release|Any CPU.Build.0 = Release|Any CPU
		{8940EA05-E74A-4E2B-A538-A7B1CE1FB0CF}.Debug|Any CPU.ActiveCfg = Debug|Any CPU
		{8940EA05-E74A-4E2B-A538-A7B1CE1FB0CF}.Debug|Any CPU.Build.0 = Debug|Any CPU
		{8940EA05-E74A-4E2B-A538-A7B1CE1FB0CF}.Release|Any CPU.ActiveCfg = Release|Any CPU
		{8940EA05-E74A-4E2B-A538-A7B1CE1FB0CF}.Release|Any CPU.Build.0 = Release|Any CPU
		{DE63612C-99FD-42AF-ACA7-C04A73AF8137}.Debug|Any CPU.ActiveCfg = Debug|Any CPU
		{DE63612C-99FD-42AF-ACA7-C04A73AF8137}.Debug|Any CPU.Build.0 = Debug|Any CPU
		{DE63612C-99FD-42AF-ACA7-C04A73AF8137}.Release|Any CPU.ActiveCfg = Release|Any CPU
		{DE63612C-99FD-42AF-ACA7-C04A73AF8137}.Release|Any CPU.Build.0 = Release|Any CPU
		{FEBC2342-158D-4C35-B5B0-7C632D969489}.Debug|Any CPU.ActiveCfg = Debug|Any CPU
		{FEBC2342-158D-4C35-B5B0-7C632D969489}.Debug|Any CPU.Build.0 = Debug|Any CPU
		{FEBC2342-158D-4C35-B5B0-7C632D969489}.Release|Any CPU.ActiveCfg = Release|Any CPU
		{FEBC2342-158D-4C35-B5B0-7C632D969489}.Release|Any CPU.Build.0 = Release|Any CPU
		{545C9C72-A250-430D-B8B0-E9AF49B61762}.Debug|Any CPU.ActiveCfg = Debug|Any CPU
		{545C9C72-A250-430D-B8B0-E9AF49B61762}.Debug|Any CPU.Build.0 = Debug|Any CPU
		{545C9C72-A250-430D-B8B0-E9AF49B61762}.Release|Any CPU.ActiveCfg = Release|Any CPU
		{545C9C72-A250-430D-B8B0-E9AF49B61762}.Release|Any CPU.Build.0 = Release|Any CPU
		{A841E898-2D23-4DBB-917A-B56B24385B4F}.Debug|Any CPU.ActiveCfg = Debug|Any CPU
		{A841E898-2D23-4DBB-917A-B56B24385B4F}.Debug|Any CPU.Build.0 = Debug|Any CPU
		{A841E898-2D23-4DBB-917A-B56B24385B4F}.Release|Any CPU.ActiveCfg = Release|Any CPU
		{A841E898-2D23-4DBB-917A-B56B24385B4F}.Release|Any CPU.Build.0 = Release|Any CPU
		{D0B4518B-4049-45BD-B78F-BEFBF9AF7409}.Debug|Any CPU.ActiveCfg = Debug|Any CPU
		{D0B4518B-4049-45BD-B78F-BEFBF9AF7409}.Debug|Any CPU.Build.0 = Debug|Any CPU
		{D0B4518B-4049-45BD-B78F-BEFBF9AF7409}.Release|Any CPU.ActiveCfg = Release|Any CPU
		{D0B4518B-4049-45BD-B78F-BEFBF9AF7409}.Release|Any CPU.Build.0 = Release|Any CPU
		{A7C1F424-B767-4759-A8B5-7C723AB30BEF}.Debug|Any CPU.ActiveCfg = Debug|Any CPU
		{A7C1F424-B767-4759-A8B5-7C723AB30BEF}.Debug|Any CPU.Build.0 = Debug|Any CPU
		{A7C1F424-B767-4759-A8B5-7C723AB30BEF}.Release|Any CPU.ActiveCfg = Release|Any CPU
		{A7C1F424-B767-4759-A8B5-7C723AB30BEF}.Release|Any CPU.Build.0 = Release|Any CPU
		{3FC944A1-E72D-4055-AD83-083C9CB7CC72}.Debug|Any CPU.ActiveCfg = Debug|Any CPU
		{3FC944A1-E72D-4055-AD83-083C9CB7CC72}.Debug|Any CPU.Build.0 = Debug|Any CPU
		{3FC944A1-E72D-4055-AD83-083C9CB7CC72}.Release|Any CPU.ActiveCfg = Release|Any CPU
		{3FC944A1-E72D-4055-AD83-083C9CB7CC72}.Release|Any CPU.Build.0 = Release|Any CPU
		{6F8ECF5A-C713-42BB-9C24-7D3EE5896C27}.Debug|Any CPU.ActiveCfg = Debug|Any CPU
		{6F8ECF5A-C713-42BB-9C24-7D3EE5896C27}.Debug|Any CPU.Build.0 = Debug|Any CPU
		{6F8ECF5A-C713-42BB-9C24-7D3EE5896C27}.Release|Any CPU.ActiveCfg = Release|Any CPU
		{6F8ECF5A-C713-42BB-9C24-7D3EE5896C27}.Release|Any CPU.Build.0 = Release|Any CPU
		{588F406C-5567-4FD2-A785-F04FB7CBE874}.Debug|Any CPU.ActiveCfg = Debug|Any CPU
		{588F406C-5567-4FD2-A785-F04FB7CBE874}.Debug|Any CPU.Build.0 = Debug|Any CPU
		{588F406C-5567-4FD2-A785-F04FB7CBE874}.Release|Any CPU.ActiveCfg = Release|Any CPU
		{588F406C-5567-4FD2-A785-F04FB7CBE874}.Release|Any CPU.Build.0 = Release|Any CPU
		{93C380F2-AD57-48C8-93CC-E27596F95D09}.Debug|Any CPU.ActiveCfg = Debug|Any CPU
		{93C380F2-AD57-48C8-93CC-E27596F95D09}.Debug|Any CPU.Build.0 = Debug|Any CPU
		{93C380F2-AD57-48C8-93CC-E27596F95D09}.Release|Any CPU.ActiveCfg = Release|Any CPU
		{93C380F2-AD57-48C8-93CC-E27596F95D09}.Release|Any CPU.Build.0 = Release|Any CPU
		{F3AB3B59-9823-454F-A6AE-BB6E022C2F17}.Debug|Any CPU.ActiveCfg = Debug|Any CPU
		{F3AB3B59-9823-454F-A6AE-BB6E022C2F17}.Debug|Any CPU.Build.0 = Debug|Any CPU
		{F3AB3B59-9823-454F-A6AE-BB6E022C2F17}.Release|Any CPU.ActiveCfg = Release|Any CPU
		{F3AB3B59-9823-454F-A6AE-BB6E022C2F17}.Release|Any CPU.Build.0 = Release|Any CPU
		{40891167-F7D0-4212-AB14-927054B701F9}.Debug|Any CPU.ActiveCfg = Debug|Any CPU
		{40891167-F7D0-4212-AB14-927054B701F9}.Debug|Any CPU.Build.0 = Debug|Any CPU
		{40891167-F7D0-4212-AB14-927054B701F9}.Release|Any CPU.ActiveCfg = Release|Any CPU
		{40891167-F7D0-4212-AB14-927054B701F9}.Release|Any CPU.Build.0 = Release|Any CPU
		{D2CA7A8A-CA28-4575-A2BA-A1C58FAC3FA1}.Debug|Any CPU.ActiveCfg = Debug|Any CPU
		{D2CA7A8A-CA28-4575-A2BA-A1C58FAC3FA1}.Debug|Any CPU.Build.0 = Debug|Any CPU
		{D2CA7A8A-CA28-4575-A2BA-A1C58FAC3FA1}.Release|Any CPU.ActiveCfg = Release|Any CPU
		{D2CA7A8A-CA28-4575-A2BA-A1C58FAC3FA1}.Release|Any CPU.Build.0 = Release|Any CPU
		{D839DE02-E4B9-4296-B932-3DB8419464BD}.Debug|Any CPU.ActiveCfg = Debug|Any CPU
		{D839DE02-E4B9-4296-B932-3DB8419464BD}.Debug|Any CPU.Build.0 = Debug|Any CPU
		{D839DE02-E4B9-4296-B932-3DB8419464BD}.Release|Any CPU.ActiveCfg = Release|Any CPU
		{D839DE02-E4B9-4296-B932-3DB8419464BD}.Release|Any CPU.Build.0 = Release|Any CPU
		{EDB2522C-824C-41A3-8BC0-DBE93D6C07E6}.Debug|Any CPU.ActiveCfg = Debug|Any CPU
		{EDB2522C-824C-41A3-8BC0-DBE93D6C07E6}.Debug|Any CPU.Build.0 = Debug|Any CPU
		{EDB2522C-824C-41A3-8BC0-DBE93D6C07E6}.Release|Any CPU.ActiveCfg = Release|Any CPU
		{EDB2522C-824C-41A3-8BC0-DBE93D6C07E6}.Release|Any CPU.Build.0 = Release|Any CPU
		{AE3F4AB0-CBBA-4BAB-A364-0BAAB7B45756}.Debug|Any CPU.ActiveCfg = Debug|Any CPU
		{AE3F4AB0-CBBA-4BAB-A364-0BAAB7B45756}.Debug|Any CPU.Build.0 = Debug|Any CPU
		{AE3F4AB0-CBBA-4BAB-A364-0BAAB7B45756}.Release|Any CPU.ActiveCfg = Release|Any CPU
		{AE3F4AB0-CBBA-4BAB-A364-0BAAB7B45756}.Release|Any CPU.Build.0 = Release|Any CPU
		{E0111B9A-0175-48EE-9F33-DD40812B3D4F}.Debug|Any CPU.ActiveCfg = Debug|Any CPU
		{E0111B9A-0175-48EE-9F33-DD40812B3D4F}.Debug|Any CPU.Build.0 = Debug|Any CPU
		{E0111B9A-0175-48EE-9F33-DD40812B3D4F}.Release|Any CPU.ActiveCfg = Release|Any CPU
		{E0111B9A-0175-48EE-9F33-DD40812B3D4F}.Release|Any CPU.Build.0 = Release|Any CPU
		{B76D5F3D-FC43-4576-91FB-854AF2099AAC}.Debug|Any CPU.ActiveCfg = Debug|Any CPU
		{B76D5F3D-FC43-4576-91FB-854AF2099AAC}.Debug|Any CPU.Build.0 = Debug|Any CPU
		{B76D5F3D-FC43-4576-91FB-854AF2099AAC}.Release|Any CPU.ActiveCfg = Release|Any CPU
		{B76D5F3D-FC43-4576-91FB-854AF2099AAC}.Release|Any CPU.Build.0 = Release|Any CPU
		{006DC926-701E-4DF6-93A0-4E34473FB685}.Debug|Any CPU.ActiveCfg = Debug|Any CPU
		{006DC926-701E-4DF6-93A0-4E34473FB685}.Debug|Any CPU.Build.0 = Debug|Any CPU
		{006DC926-701E-4DF6-93A0-4E34473FB685}.Release|Any CPU.ActiveCfg = Release|Any CPU
		{006DC926-701E-4DF6-93A0-4E34473FB685}.Release|Any CPU.Build.0 = Release|Any CPU
		{EB52BD07-27CF-4D8B-A792-42A9C2AD1A0C}.Debug|Any CPU.ActiveCfg = Debug|Any CPU
		{EB52BD07-27CF-4D8B-A792-42A9C2AD1A0C}.Debug|Any CPU.Build.0 = Debug|Any CPU
		{EB52BD07-27CF-4D8B-A792-42A9C2AD1A0C}.Release|Any CPU.ActiveCfg = Release|Any CPU
		{EB52BD07-27CF-4D8B-A792-42A9C2AD1A0C}.Release|Any CPU.Build.0 = Release|Any CPU
		{94D6C928-9C79-49F0-921D-F4B7C63348B3}.Debug|Any CPU.ActiveCfg = Debug|Any CPU
		{94D6C928-9C79-49F0-921D-F4B7C63348B3}.Debug|Any CPU.Build.0 = Debug|Any CPU
		{94D6C928-9C79-49F0-921D-F4B7C63348B3}.Release|Any CPU.ActiveCfg = Release|Any CPU
		{94D6C928-9C79-49F0-921D-F4B7C63348B3}.Release|Any CPU.Build.0 = Release|Any CPU
		{E4199A96-E6CF-44F4-8C6F-D5856EA6303E}.Debug|Any CPU.ActiveCfg = Debug|Any CPU
		{E4199A96-E6CF-44F4-8C6F-D5856EA6303E}.Debug|Any CPU.Build.0 = Debug|Any CPU
		{E4199A96-E6CF-44F4-8C6F-D5856EA6303E}.Release|Any CPU.ActiveCfg = Release|Any CPU
		{E4199A96-E6CF-44F4-8C6F-D5856EA6303E}.Release|Any CPU.Build.0 = Release|Any CPU
		{9927705D-8C79-4DF7-A32B-957539EF53FF}.Debug|Any CPU.ActiveCfg = Debug|Any CPU
		{9927705D-8C79-4DF7-A32B-957539EF53FF}.Debug|Any CPU.Build.0 = Debug|Any CPU
		{9927705D-8C79-4DF7-A32B-957539EF53FF}.Release|Any CPU.ActiveCfg = Release|Any CPU
		{9927705D-8C79-4DF7-A32B-957539EF53FF}.Release|Any CPU.Build.0 = Release|Any CPU
		{5FD5A18F-F855-4AC0-8140-CB0D2BAD5797}.Debug|Any CPU.ActiveCfg = Debug|Any CPU
		{5FD5A18F-F855-4AC0-8140-CB0D2BAD5797}.Debug|Any CPU.Build.0 = Debug|Any CPU
		{5FD5A18F-F855-4AC0-8140-CB0D2BAD5797}.Release|Any CPU.ActiveCfg = Release|Any CPU
		{5FD5A18F-F855-4AC0-8140-CB0D2BAD5797}.Release|Any CPU.Build.0 = Release|Any CPU
		{30DB44D7-FB4B-4A76-9648-6FDBF8BD28C4}.Debug|Any CPU.ActiveCfg = Debug|Any CPU
		{30DB44D7-FB4B-4A76-9648-6FDBF8BD28C4}.Debug|Any CPU.Build.0 = Debug|Any CPU
		{30DB44D7-FB4B-4A76-9648-6FDBF8BD28C4}.Release|Any CPU.ActiveCfg = Release|Any CPU
		{30DB44D7-FB4B-4A76-9648-6FDBF8BD28C4}.Release|Any CPU.Build.0 = Release|Any CPU
		{0190873A-5A40-4979-874B-AF4E140E2332}.Debug|Any CPU.ActiveCfg = Debug|Any CPU
		{0190873A-5A40-4979-874B-AF4E140E2332}.Debug|Any CPU.Build.0 = Debug|Any CPU
		{0190873A-5A40-4979-874B-AF4E140E2332}.Release|Any CPU.ActiveCfg = Release|Any CPU
		{0190873A-5A40-4979-874B-AF4E140E2332}.Release|Any CPU.Build.0 = Release|Any CPU
		{1BB235AE-87D0-441A-96AC-FCD661EF710D}.Debug|Any CPU.ActiveCfg = Debug|Any CPU
		{1BB235AE-87D0-441A-96AC-FCD661EF710D}.Debug|Any CPU.Build.0 = Debug|Any CPU
		{1BB235AE-87D0-441A-96AC-FCD661EF710D}.Release|Any CPU.ActiveCfg = Release|Any CPU
		{1BB235AE-87D0-441A-96AC-FCD661EF710D}.Release|Any CPU.Build.0 = Release|Any CPU
		{5880E184-8714-4A5D-8B65-29CE394DB316}.Debug|Any CPU.ActiveCfg = Debug|Any CPU
		{5880E184-8714-4A5D-8B65-29CE394DB316}.Debug|Any CPU.Build.0 = Debug|Any CPU
		{5880E184-8714-4A5D-8B65-29CE394DB316}.Release|Any CPU.ActiveCfg = Release|Any CPU
		{5880E184-8714-4A5D-8B65-29CE394DB316}.Release|Any CPU.Build.0 = Release|Any CPU
		{32C060C1-5E66-4869-9339-334F2376612D}.Debug|Any CPU.ActiveCfg = Debug|Any CPU
		{32C060C1-5E66-4869-9339-334F2376612D}.Debug|Any CPU.Build.0 = Debug|Any CPU
		{32C060C1-5E66-4869-9339-334F2376612D}.Release|Any CPU.ActiveCfg = Release|Any CPU
		{32C060C1-5E66-4869-9339-334F2376612D}.Release|Any CPU.Build.0 = Release|Any CPU
		{A93AA791-E924-433C-9DCB-645534FA7C67}.Debug|Any CPU.ActiveCfg = Debug|Any CPU
		{A93AA791-E924-433C-9DCB-645534FA7C67}.Debug|Any CPU.Build.0 = Debug|Any CPU
		{A93AA791-E924-433C-9DCB-645534FA7C67}.Release|Any CPU.ActiveCfg = Release|Any CPU
		{A93AA791-E924-433C-9DCB-645534FA7C67}.Release|Any CPU.Build.0 = Release|Any CPU
		{97853DF4-F7E9-4511-8EE4-F768D0052A6F}.Debug|Any CPU.ActiveCfg = Debug|Any CPU
		{97853DF4-F7E9-4511-8EE4-F768D0052A6F}.Debug|Any CPU.Build.0 = Debug|Any CPU
		{97853DF4-F7E9-4511-8EE4-F768D0052A6F}.Release|Any CPU.ActiveCfg = Release|Any CPU
		{97853DF4-F7E9-4511-8EE4-F768D0052A6F}.Release|Any CPU.Build.0 = Release|Any CPU
		{0ED81AEA-958A-4A49-A27D-1F59498CF91F}.Debug|Any CPU.ActiveCfg = Debug|Any CPU
		{0ED81AEA-958A-4A49-A27D-1F59498CF91F}.Debug|Any CPU.Build.0 = Debug|Any CPU
		{0ED81AEA-958A-4A49-A27D-1F59498CF91F}.Release|Any CPU.ActiveCfg = Release|Any CPU
		{0ED81AEA-958A-4A49-A27D-1F59498CF91F}.Release|Any CPU.Build.0 = Release|Any CPU
		{C1619522-6E7F-4850-B4F7-F9AB0B3EB702}.Debug|Any CPU.ActiveCfg = Debug|Any CPU
		{C1619522-6E7F-4850-B4F7-F9AB0B3EB702}.Debug|Any CPU.Build.0 = Debug|Any CPU
		{C1619522-6E7F-4850-B4F7-F9AB0B3EB702}.Release|Any CPU.ActiveCfg = Release|Any CPU
		{C1619522-6E7F-4850-B4F7-F9AB0B3EB702}.Release|Any CPU.Build.0 = Release|Any CPU
		{C58D0F00-E70B-47E2-A558-CE1F4B0CC1F2}.Debug|Any CPU.ActiveCfg = Debug|Any CPU
		{C58D0F00-E70B-47E2-A558-CE1F4B0CC1F2}.Debug|Any CPU.Build.0 = Debug|Any CPU
		{C58D0F00-E70B-47E2-A558-CE1F4B0CC1F2}.Release|Any CPU.ActiveCfg = Release|Any CPU
		{C58D0F00-E70B-47E2-A558-CE1F4B0CC1F2}.Release|Any CPU.Build.0 = Release|Any CPU
		{D3B6030D-65A9-46A9-8BA8-1AB31D01D009}.Debug|Any CPU.ActiveCfg = Debug|Any CPU
		{D3B6030D-65A9-46A9-8BA8-1AB31D01D009}.Debug|Any CPU.Build.0 = Debug|Any CPU
		{D3B6030D-65A9-46A9-8BA8-1AB31D01D009}.Release|Any CPU.ActiveCfg = Release|Any CPU
		{D3B6030D-65A9-46A9-8BA8-1AB31D01D009}.Release|Any CPU.Build.0 = Release|Any CPU
		{E88AB4D3-DAE7-4DBE-90A8-FEAE500E5A65}.Debug|Any CPU.ActiveCfg = Debug|Any CPU
		{E88AB4D3-DAE7-4DBE-90A8-FEAE500E5A65}.Debug|Any CPU.Build.0 = Debug|Any CPU
		{E88AB4D3-DAE7-4DBE-90A8-FEAE500E5A65}.Release|Any CPU.ActiveCfg = Release|Any CPU
		{E88AB4D3-DAE7-4DBE-90A8-FEAE500E5A65}.Release|Any CPU.Build.0 = Release|Any CPU
		{8894B0C2-09D3-418B-AF31-04038A89E2A1}.Debug|Any CPU.ActiveCfg = Debug|Any CPU
		{8894B0C2-09D3-418B-AF31-04038A89E2A1}.Debug|Any CPU.Build.0 = Debug|Any CPU
		{8894B0C2-09D3-418B-AF31-04038A89E2A1}.Release|Any CPU.ActiveCfg = Release|Any CPU
		{8894B0C2-09D3-418B-AF31-04038A89E2A1}.Release|Any CPU.Build.0 = Release|Any CPU
	EndGlobalSection
	GlobalSection(SolutionProperties) = preSolution
		HideSolutionNode = FALSE
	EndGlobalSection
	GlobalSection(NestedProjects) = preSolution
		{8294B60B-F790-42E0-BB03-56586931DBC1} = {E0BF7ACC-1581-494F-B3B6-BF12BD5C7C58}
		{A8068656-E255-4BE5-A46E-CA9BA1B9FF7C} = {E0BF7ACC-1581-494F-B3B6-BF12BD5C7C58}
		{B9378655-98DA-46BE-BEDB-91DA9D7F1B3C} = {E0BF7ACC-1581-494F-B3B6-BF12BD5C7C58}
		{729F30BF-BA1A-41D5-A985-9103DBC018C4} = {9C951FE1-FCA8-4F1F-8598-40A62B9C44FE}
		{9F7CEBFB-5D02-43CF-8F03-7BA3CD495A37} = {9C951FE1-FCA8-4F1F-8598-40A62B9C44FE}
		{D4771715-4947-4F0E-9CC0-BD88AD312C6B} = {9C951FE1-FCA8-4F1F-8598-40A62B9C44FE}
		{B785A01F-9C3B-40E5-88E7-295B2D724341} = {9C951FE1-FCA8-4F1F-8598-40A62B9C44FE}
		{4B89E3A3-4D02-4D9A-B942-ED4A6262E923} = {9C951FE1-FCA8-4F1F-8598-40A62B9C44FE}
		{BA7E4496-7713-478F-B54D-94A269A9D4DE} = {9C951FE1-FCA8-4F1F-8598-40A62B9C44FE}
		{46C0EF6E-9BCD-4A0A-8A88-EB6F03A34072} = {9C951FE1-FCA8-4F1F-8598-40A62B9C44FE}
		{FC2FD122-4CED-486B-96CA-B0DDE49BBD1C} = {9C951FE1-FCA8-4F1F-8598-40A62B9C44FE}
		{3050C068-815D-4C22-8F4D-92386D76222A} = {9C951FE1-FCA8-4F1F-8598-40A62B9C44FE}
		{6384F07E-8A84-43C0-B8D6-03F9AB7BBF4F} = {9C951FE1-FCA8-4F1F-8598-40A62B9C44FE}
		{702D42DE-BF5C-4480-8E15-64926049B23E} = {E70986B6-5C72-489A-9C49-4823021B1DED}
		{8940EA05-E74A-4E2B-A538-A7B1CE1FB0CF} = {950D6B15-3A18-4106-AB6C-44151E380092}
		{DE63612C-99FD-42AF-ACA7-C04A73AF8137} = {729F30BF-BA1A-41D5-A985-9103DBC018C4}
		{FEBC2342-158D-4C35-B5B0-7C632D969489} = {9F7CEBFB-5D02-43CF-8F03-7BA3CD495A37}
		{545C9C72-A250-430D-B8B0-E9AF49B61762} = {D4771715-4947-4F0E-9CC0-BD88AD312C6B}
		{A841E898-2D23-4DBB-917A-B56B24385B4F} = {3716E401-7D2D-493E-AE7B-CF5764EDA42A}
		{D0B4518B-4049-45BD-B78F-BEFBF9AF7409} = {3716E401-7D2D-493E-AE7B-CF5764EDA42A}
		{A7C1F424-B767-4759-A8B5-7C723AB30BEF} = {3716E401-7D2D-493E-AE7B-CF5764EDA42A}
		{67565D1E-0B82-48D5-B136-28C258A85CEE} = {E0BF7ACC-1581-494F-B3B6-BF12BD5C7C58}
		{3FC944A1-E72D-4055-AD83-083C9CB7CC72} = {67565D1E-0B82-48D5-B136-28C258A85CEE}
		{6F8ECF5A-C713-42BB-9C24-7D3EE5896C27} = {E70986B6-5C72-489A-9C49-4823021B1DED}
		{588F406C-5567-4FD2-A785-F04FB7CBE874} = {E70986B6-5C72-489A-9C49-4823021B1DED}
		{93C380F2-AD57-48C8-93CC-E27596F95D09} = {67565D1E-0B82-48D5-B136-28C258A85CEE}
		{F3AB3B59-9823-454F-A6AE-BB6E022C2F17} = {67565D1E-0B82-48D5-B136-28C258A85CEE}
		{40891167-F7D0-4212-AB14-927054B701F9} = {67565D1E-0B82-48D5-B136-28C258A85CEE}
		{D2CA7A8A-CA28-4575-A2BA-A1C58FAC3FA1} = {67565D1E-0B82-48D5-B136-28C258A85CEE}
		{D839DE02-E4B9-4296-B932-3DB8419464BD} = {67565D1E-0B82-48D5-B136-28C258A85CEE}
		{EDB2522C-824C-41A3-8BC0-DBE93D6C07E6} = {67565D1E-0B82-48D5-B136-28C258A85CEE}
		{AE3F4AB0-CBBA-4BAB-A364-0BAAB7B45756} = {67565D1E-0B82-48D5-B136-28C258A85CEE}
		{E0111B9A-0175-48EE-9F33-DD40812B3D4F} = {67565D1E-0B82-48D5-B136-28C258A85CEE}
		{B76D5F3D-FC43-4576-91FB-854AF2099AAC} = {B785A01F-9C3B-40E5-88E7-295B2D724341}
		{006DC926-701E-4DF6-93A0-4E34473FB685} = {4B89E3A3-4D02-4D9A-B942-ED4A6262E923}
		{EB52BD07-27CF-4D8B-A792-42A9C2AD1A0C} = {BA7E4496-7713-478F-B54D-94A269A9D4DE}
		{94D6C928-9C79-49F0-921D-F4B7C63348B3} = {46C0EF6E-9BCD-4A0A-8A88-EB6F03A34072}
		{E4199A96-E6CF-44F4-8C6F-D5856EA6303E} = {FC2FD122-4CED-486B-96CA-B0DDE49BBD1C}
		{9927705D-8C79-4DF7-A32B-957539EF53FF} = {3050C068-815D-4C22-8F4D-92386D76222A}
		{5FD5A18F-F855-4AC0-8140-CB0D2BAD5797} = {950D6B15-3A18-4106-AB6C-44151E380092}
		{30DB44D7-FB4B-4A76-9648-6FDBF8BD28C4} = {950D6B15-3A18-4106-AB6C-44151E380092}
		{0190873A-5A40-4979-874B-AF4E140E2332} = {950D6B15-3A18-4106-AB6C-44151E380092}
		{1BB235AE-87D0-441A-96AC-FCD661EF710D} = {950D6B15-3A18-4106-AB6C-44151E380092}
		{5880E184-8714-4A5D-8B65-29CE394DB316} = {49E35531-3B5F-420A-B520-79F48A5A2252}
		{32C060C1-5E66-4869-9339-334F2376612D} = {49E35531-3B5F-420A-B520-79F48A5A2252}
		{A93AA791-E924-433C-9DCB-645534FA7C67} = {49E35531-3B5F-420A-B520-79F48A5A2252}
		{311004F3-06C8-4DC4-AF8B-3BC99828844A} = {3716E401-7D2D-493E-AE7B-CF5764EDA42A}
		{A1F84D10-69AB-4BE3-84C4-F0FF70202DD4} = {49E35531-3B5F-420A-B520-79F48A5A2252}
		{97853DF4-F7E9-4511-8EE4-F768D0052A6F} = {E70986B6-5C72-489A-9C49-4823021B1DED}
		{0ED81AEA-958A-4A49-A27D-1F59498CF91F} = {950D6B15-3A18-4106-AB6C-44151E380092}
		{C1619522-6E7F-4850-B4F7-F9AB0B3EB702} = {E70986B6-5C72-489A-9C49-4823021B1DED}
		{C58D0F00-E70B-47E2-A558-CE1F4B0CC1F2} = {950D6B15-3A18-4106-AB6C-44151E380092}
		{B492363D-F099-4CBD-9EA6-38EDAC7879F1} = {2EDAE6F7-FA64-46DD-9022-F7BCB3FB4C1E}
		{0C92CD56-B237-4288-9165-DF1D1C2E374E} = {2EDAE6F7-FA64-46DD-9022-F7BCB3FB4C1E}
		{D2A6F036-6E97-40D4-B0E6-20D25D138331} = {0C92CD56-B237-4288-9165-DF1D1C2E374E}
		{D3B6030D-65A9-46A9-8BA8-1AB31D01D009} = {311004F3-06C8-4DC4-AF8B-3BC99828844A}
		{E88AB4D3-DAE7-4DBE-90A8-FEAE500E5A65} = {311004F3-06C8-4DC4-AF8B-3BC99828844A}
		{8894B0C2-09D3-418B-AF31-04038A89E2A1} = {311004F3-06C8-4DC4-AF8B-3BC99828844A}
	EndGlobalSection
	GlobalSection(ExtensibilityGlobals) = postSolution
		SolutionGuid = {07F6B454-7D6B-45F0-AF53-895CE848451F}
	EndGlobalSection
EndGlobal
